
Microsoft Visual Studio Solution File, Format Version 12.00
# Visual Studio Version 16
VisualStudioVersion = 16.0.31515.178
MinimumVisualStudioVersion = 10.0.40219.1
Project("{FAE04EC0-301F-11D3-BF4B-00C04F79EFBC}") = "ECommerceAPI", "ECommerceAPI\ECommerceAPI.csproj", "{37AFFF6B-6C72-4B6F-A609-606EA0523F04}"
EndProject
Global
	GlobalSection(SolutionConfigurationPlatforms) = preSolution
		Debug|Any CPU = Debug|Any CPU
		Release|Any CPU = Release|Any CPU
	EndGlobalSection
	GlobalSection(ProjectConfigurationPlatforms) = postSolution
		{37AFFF6B-6C72-4B6F-A609-606EA0523F04}.Debug|Any CPU.ActiveCfg = Debug|Any CPU
		{37AFFF6B-6C72-4B6F-A609-606EA0523F04}.Debug|Any CPU.Build.0 = Debug|Any CPU
		{37AFFF6B-6C72-4B6F-A609-606EA0523F04}.Release|Any CPU.ActiveCfg = Release|Any CPU
		{37AFFF6B-6C72-4B6F-A609-606EA0523F04}.Release|Any CPU.Build.0 = Release|Any CPU
	EndGlobalSection
	GlobalSection(SolutionProperties) = preSolution
		HideSolutionNode = FALSE
	EndGlobalSection
	GlobalSection(ExtensibilityGlobals) = postSolution
		SolutionGuid = {3E6BB163-3728-44F9-AFB7-78578EE21FA5}
	EndGlobalSection
EndGlobal
